
Microsoft Visual Studio Solution File, Format Version 12.00
# Visual Studio Version 17
VisualStudioVersion = 17.13.35825.156
MinimumVisualStudioVersion = 10.0.40219.1
Project("{8BC9CEB8-8B4A-11D0-8D11-00A0C91BC942}") = "Lecture02-1", "AI_C2\AI_C2.vcxproj", "{D0BFB500-14C2-44F8-979F-3F9102C779E7}"
EndProject
Project("{8BC9CEB8-8B4A-11D0-8D11-00A0C91BC942}") = "Lecture03", "Lecture02-2\Lecture02-2.vcxproj", "{A02DAC95-85E6-4D28-87A3-DB8A1D90C010}"
EndProject
Project("{8BC9CEB8-8B4A-11D0-8D11-00A0C91BC942}") = "Lecture04", "Lecture04\Lecture04.vcxproj", "{64E08AAE-35F0-4E36-9EAF-3CF6C5B7AC25}"
EndProject
Project("{8BC9CEB8-8B4A-11D0-8D11-00A0C91BC942}") = "Lecture04-2", "Lecture04-2\Lecture04-2.vcxproj", "{D393B7F4-91A6-4A19-B0F3-494A5DD75BCD}"
EndProject
Global
	GlobalSection(SolutionConfigurationPlatforms) = preSolution
		Debug|x64 = Debug|x64
		Debug|x86 = Debug|x86
		Release|x64 = Release|x64
		Release|x86 = Release|x86
	EndGlobalSection
	GlobalSection(ProjectConfigurationPlatforms) = postSolution
		{D0BFB500-14C2-44F8-979F-3F9102C779E7}.Debug|x64.ActiveCfg = Debug|x64
		{D0BFB500-14C2-44F8-979F-3F9102C779E7}.Debug|x64.Build.0 = Debug|x64
		{D0BFB500-14C2-44F8-979F-3F9102C779E7}.Debug|x86.ActiveCfg = Debug|Win32
		{D0BFB500-14C2-44F8-979F-3F9102C779E7}.Debug|x86.Build.0 = Debug|Win32
		{D0BFB500-14C2-44F8-979F-3F9102C779E7}.Release|x64.ActiveCfg = Release|x64
		{D0BFB500-14C2-44F8-979F-3F9102C779E7}.Release|x64.Build.0 = Release|x64
		{D0BFB500-14C2-44F8-979F-3F9102C779E7}.Release|x86.ActiveCfg = Release|Win32
		{D0BFB500-14C2-44F8-979F-3F9102C779E7}.Release|x86.Build.0 = Release|Win32
		{A02DAC95-85E6-4D28-87A3-DB8A1D90C010}.Debug|x64.ActiveCfg = Debug|x64
		{A02DAC95-85E6-4D28-87A3-DB8A1D90C010}.Debug|x64.Build.0 = Debug|x64
		{A02DAC95-85E6-4D28-87A3-DB8A1D90C010}.Debug|x86.ActiveCfg = Debug|Win32
		{A02DAC95-85E6-4D28-87A3-DB8A1D90C010}.Debug|x86.Build.0 = Debug|Win32
		{A02DAC95-85E6-4D28-87A3-DB8A1D90C010}.Release|x64.ActiveCfg = Release|x64
		{A02DAC95-85E6-4D28-87A3-DB8A1D90C010}.Release|x64.Build.0 = Release|x64
		{A02DAC95-85E6-4D28-87A3-DB8A1D90C010}.Release|x86.ActiveCfg = Release|Win32
		{A02DAC95-85E6-4D28-87A3-DB8A1D90C010}.Release|x86.Build.0 = Release|Win32
		{64E08AAE-35F0-4E36-9EAF-3CF6C5B7AC25}.Debug|x64.ActiveCfg = Debug|x64
		{64E08AAE-35F0-4E36-9EAF-3CF6C5B7AC25}.Debug|x64.Build.0 = Debug|x64
		{64E08AAE-35F0-4E36-9EAF-3CF6C5B7AC25}.Debug|x86.ActiveCfg = Debug|Win32
		{64E08AAE-35F0-4E36-9EAF-3CF6C5B7AC25}.Debug|x86.Build.0 = Debug|Win32
		{64E08AAE-35F0-4E36-9EAF-3CF6C5B7AC25}.Release|x64.ActiveCfg = Release|x64
		{64E08AAE-35F0-4E36-9EAF-3CF6C5B7AC25}.Release|x64.Build.0 = Release|x64
		{64E08AAE-35F0-4E36-9EAF-3CF6C5B7AC25}.Release|x86.ActiveCfg = Release|Win32
		{64E08AAE-35F0-4E36-9EAF-3CF6C5B7AC25}.Release|x86.Build.0 = Release|Win32
		{D393B7F4-91A6-4A19-B0F3-494A5DD75BCD}.Debug|x64.ActiveCfg = Debug|x64
		{D393B7F4-91A6-4A19-B0F3-494A5DD75BCD}.Debug|x64.Build.0 = Debug|x64
		{D393B7F4-91A6-4A19-B0F3-494A5DD75BCD}.Debug|x86.ActiveCfg = Debug|Win32
		{D393B7F4-91A6-4A19-B0F3-494A5DD75BCD}.Debug|x86.Build.0 = Debug|Win32
		{D393B7F4-91A6-4A19-B0F3-494A5DD75BCD}.Release|x64.ActiveCfg = Release|x64
		{D393B7F4-91A6-4A19-B0F3-494A5DD75BCD}.Release|x64.Build.0 = Release|x64
		{D393B7F4-91A6-4A19-B0F3-494A5DD75BCD}.Release|x86.ActiveCfg = Release|Win32
		{D393B7F4-91A6-4A19-B0F3-494A5DD75BCD}.Release|x86.Build.0 = Release|Win32
	EndGlobalSection
	GlobalSection(SolutionProperties) = preSolution
		HideSolutionNode = FALSE
	EndGlobalSection
	GlobalSection(ExtensibilityGlobals) = postSolution
		SolutionGuid = {EDFFA2C8-2542-4BBC-8F22-AB77A6E62674}
	EndGlobalSection
EndGlobal
